
Microsoft Visual Studio Solution File, Format Version 12.00
# Visual Studio Version 16
VisualStudioVersion = 16.0.30413.136
MinimumVisualStudioVersion = 10.0.40219.1
Project("{FAE04EC0-301F-11D3-BF4B-00C04F79EFBC}") = "TempConverter", "TempConverter\TempConverter.csproj", "{89E4C47E-EC58-481A-8CBA-611F9E0D7F87}"
EndProject
Project("{FAE04EC0-301F-11D3-BF4B-00C04F79EFBC}") = "NumberSorter", "NumberSorter\NumberSorter.csproj", "{14B70400-DA72-4875-B7B3-B0C6C9A3FDB4}"
EndProject
Project("{FAE04EC0-301F-11D3-BF4B-00C04F79EFBC}") = "TempConverterApp", "TempConverterApp\TempConverterApp.csproj", "{2727FDAD-6030-4BCE-A994-F3FCDAF94A73}"
	ProjectSection(ProjectDependencies) = postProject
		{89E4C47E-EC58-481A-8CBA-611F9E0D7F87} = {89E4C47E-EC58-481A-8CBA-611F9E0D7F87}
	EndProjectSection
EndProject
Project("{FAE04EC0-301F-11D3-BF4B-00C04F79EFBC}") = "NumberSorterWebApp", "NumberSorterWebApp\NumberSorterWebApp.csproj", "{6E07E889-E1D5-4869-91F3-1B567B75C9B2}"
	ProjectSection(ProjectDependencies) = postProject
		{14B70400-DA72-4875-B7B3-B0C6C9A3FDB4} = {14B70400-DA72-4875-B7B3-B0C6C9A3FDB4}
	EndProjectSection
EndProject
Global
	GlobalSection(SolutionConfigurationPlatforms) = preSolution
		Debug|Any CPU = Debug|Any CPU
		Release|Any CPU = Release|Any CPU
	EndGlobalSection
	GlobalSection(ProjectConfigurationPlatforms) = postSolution
		{89E4C47E-EC58-481A-8CBA-611F9E0D7F87}.Debug|Any CPU.ActiveCfg = Debug|Any CPU
		{89E4C47E-EC58-481A-8CBA-611F9E0D7F87}.Debug|Any CPU.Build.0 = Debug|Any CPU
		{89E4C47E-EC58-481A-8CBA-611F9E0D7F87}.Release|Any CPU.ActiveCfg = Release|Any CPU
		{89E4C47E-EC58-481A-8CBA-611F9E0D7F87}.Release|Any CPU.Build.0 = Release|Any CPU
		{14B70400-DA72-4875-B7B3-B0C6C9A3FDB4}.Debug|Any CPU.ActiveCfg = Debug|Any CPU
		{14B70400-DA72-4875-B7B3-B0C6C9A3FDB4}.Debug|Any CPU.Build.0 = Debug|Any CPU
		{14B70400-DA72-4875-B7B3-B0C6C9A3FDB4}.Release|Any CPU.ActiveCfg = Release|Any CPU
		{14B70400-DA72-4875-B7B3-B0C6C9A3FDB4}.Release|Any CPU.Build.0 = Release|Any CPU
		{2727FDAD-6030-4BCE-A994-F3FCDAF94A73}.Debug|Any CPU.ActiveCfg = Debug|Any CPU
		{2727FDAD-6030-4BCE-A994-F3FCDAF94A73}.Debug|Any CPU.Build.0 = Debug|Any CPU
		{2727FDAD-6030-4BCE-A994-F3FCDAF94A73}.Release|Any CPU.ActiveCfg = Release|Any CPU
		{2727FDAD-6030-4BCE-A994-F3FCDAF94A73}.Release|Any CPU.Build.0 = Release|Any CPU
		{6E07E889-E1D5-4869-91F3-1B567B75C9B2}.Debug|Any CPU.ActiveCfg = Debug|Any CPU
		{6E07E889-E1D5-4869-91F3-1B567B75C9B2}.Debug|Any CPU.Build.0 = Debug|Any CPU
		{6E07E889-E1D5-4869-91F3-1B567B75C9B2}.Release|Any CPU.ActiveCfg = Release|Any CPU
		{6E07E889-E1D5-4869-91F3-1B567B75C9B2}.Release|Any CPU.Build.0 = Release|Any CPU
	EndGlobalSection
	GlobalSection(SolutionProperties) = preSolution
		HideSolutionNode = FALSE
	EndGlobalSection
	GlobalSection(ExtensibilityGlobals) = postSolution
		SolutionGuid = {25DF9A99-B297-4727-932B-63C9386B73FB}
	EndGlobalSection
EndGlobal
